// !$*UTF8*$!
{
	archiveVersion = 1;
	classes = {
	};
	objectVersion = 55;
	objects = {

/* Begin PBXBuildFile section */
		6B55A5AA28DCDB07005CFBFE /* AppDelegate.swift in Sources */ = {isa = PBXBuildFile; fileRef = 6B55A5A928DCDB07005CFBFE /* AppDelegate.swift */; };
		6B55A5AC28DCDB07005CFBFE /* SceneDelegate.swift in Sources */ = {isa = PBXBuildFile; fileRef = 6B55A5AB28DCDB07005CFBFE /* SceneDelegate.swift */; };
		6B55A5AE28DCDB07005CFBFE /* SignInViewController.swift in Sources */ = {isa = PBXBuildFile; fileRef = 6B55A5AD28DCDB07005CFBFE /* SignInViewController.swift */; };
		6B55A5B128DCDB08005CFBFE /* Main.storyboard in Resources */ = {isa = PBXBuildFile; fileRef = 6B55A5AF28DCDB08005CFBFE /* Main.storyboard */; };
		6B55A5B328DCDB09005CFBFE /* Assets.xcassets in Resources */ = {isa = PBXBuildFile; fileRef = 6B55A5B228DCDB09005CFBFE /* Assets.xcassets */; };
		6B55A5B628DCDB09005CFBFE /* LaunchScreen.storyboard in Resources */ = {isa = PBXBuildFile; fileRef = 6B55A5B428DCDB09005CFBFE /* LaunchScreen.storyboard */; };
		6B82410D28ECAD560016ACA6 /* Strings.swift in Sources */ = {isa = PBXBuildFile; fileRef = 6B82410C28ECAD560016ACA6 /* Strings.swift */; };
		6B8B642E28ECA06C00220169 /* UserDefaultsKeys.swift in Sources */ = {isa = PBXBuildFile; fileRef = 6B8B642D28ECA06C00220169 /* UserDefaultsKeys.swift */; };
		6B8B643128ECA66200220169 /* UserStoryViewController.swift in Sources */ = {isa = PBXBuildFile; fileRef = 6B8B643028ECA66200220169 /* UserStoryViewController.swift */; };
		6BC0B1C828EBE7E700728523 /* wow.jpg in Resources */ = {isa = PBXBuildFile; fileRef = 6BC0B1C728EBE7E700728523 /* wow.jpg */; };
		6BC0B1CE28EC9CB500728523 /* RegistrationViewController.swift in Sources */ = {isa = PBXBuildFile; fileRef = 6BC0B1CD28EC9CB500728523 /* RegistrationViewController.swift */; };
/* End PBXBuildFile section */

/* Begin PBXFileReference section */
		6B55A5A628DCDB07005CFBFE /* task3-4.app */ = {isa = PBXFileReference; explicitFileType = wrapper.application; includeInIndex = 0; path = "task3-4.app"; sourceTree = BUILT_PRODUCTS_DIR; };
		6B55A5A928DCDB07005CFBFE /* AppDelegate.swift */ = {isa = PBXFileReference; lastKnownFileType = sourcecode.swift; path = AppDelegate.swift; sourceTree = "<group>"; };
		6B55A5AB28DCDB07005CFBFE /* SceneDelegate.swift */ = {isa = PBXFileReference; lastKnownFileType = sourcecode.swift; path = SceneDelegate.swift; sourceTree = "<group>"; };
		6B55A5AD28DCDB07005CFBFE /* SignInViewController.swift */ = {isa = PBXFileReference; lastKnownFileType = sourcecode.swift; path = SignInViewController.swift; sourceTree = "<group>"; };
		6B55A5B028DCDB08005CFBFE /* Base */ = {isa = PBXFileReference; lastKnownFileType = file.storyboard; name = Base; path = Base.lproj/Main.storyboard; sourceTree = "<group>"; };
		6B55A5B228DCDB09005CFBFE /* Assets.xcassets */ = {isa = PBXFileReference; lastKnownFileType = folder.assetcatalog; path = Assets.xcassets; sourceTree = "<group>"; };
		6B55A5B528DCDB09005CFBFE /* Base */ = {isa = PBXFileReference; lastKnownFileType = file.storyboard; name = Base; path = Base.lproj/LaunchScreen.storyboard; sourceTree = "<group>"; };
		6B55A5B728DCDB09005CFBFE /* Info.plist */ = {isa = PBXFileReference; lastKnownFileType = text.plist.xml; path = Info.plist; sourceTree = "<group>"; };
		6B82410C28ECAD560016ACA6 /* Strings.swift */ = {isa = PBXFileReference; lastKnownFileType = sourcecode.swift; path = Strings.swift; sourceTree = "<group>"; };
		6B8B642D28ECA06C00220169 /* UserDefaultsKeys.swift */ = {isa = PBXFileReference; lastKnownFileType = sourcecode.swift; path = UserDefaultsKeys.swift; sourceTree = "<group>"; };
		6B8B643028ECA66200220169 /* UserStoryViewController.swift */ = {isa = PBXFileReference; lastKnownFileType = sourcecode.swift; path = UserStoryViewController.swift; sourceTree = "<group>"; };
		6BC0B1C728EBE7E700728523 /* wow.jpg */ = {isa = PBXFileReference; lastKnownFileType = image.jpeg; name = wow.jpg; path = ../../../Downloads/wow.jpg; sourceTree = "<group>"; };
		6BC0B1CD28EC9CB500728523 /* RegistrationViewController.swift */ = {isa = PBXFileReference; lastKnownFileType = sourcecode.swift; path = RegistrationViewController.swift; sourceTree = "<group>"; };
/* End PBXFileReference section */

/* Begin PBXFrameworksBuildPhase section */
		6B55A5A328DCDB07005CFBFE /* Frameworks */ = {
			isa = PBXFrameworksBuildPhase;
			buildActionMask = 2147483647;
			files = (
			);
			runOnlyForDeploymentPostprocessing = 0;
		};
/* End PBXFrameworksBuildPhase section */

/* Begin PBXGroup section */
		6B55A59D28DCDB07005CFBFE = {
			isa = PBXGroup;
			children = (
				6B55A5A828DCDB07005CFBFE /* task3-4 */,
				6B55A5A728DCDB07005CFBFE /* Products */,
			);
			sourceTree = "<group>";
		};
		6B55A5A728DCDB07005CFBFE /* Products */ = {
			isa = PBXGroup;
			children = (
				6B55A5A628DCDB07005CFBFE /* task3-4.app */,
			);
			name = Products;
			sourceTree = "<group>";
		};
		6B55A5A828DCDB07005CFBFE /* task3-4 */ = {
			isa = PBXGroup;
			children = (
				6B82410B28ECAD3C0016ACA6 /* Localizeble */,
				6B8B642F28ECA64B00220169 /* UserStoryScreen */,
				6B8B642C28ECA05100220169 /* DefaultsKeys */,
				6BC0B1D028EC9CF400728523 /* SignInScreen */,
				6BC0B1CF28EC9CDD00728523 /* RegistrationScreen */,
				6B55A5A928DCDB07005CFBFE /* AppDelegate.swift */,
				6B55A5AB28DCDB07005CFBFE /* SceneDelegate.swift */,
				6B55A5AF28DCDB08005CFBFE /* Main.storyboard */,
				6B55A5B228DCDB09005CFBFE /* Assets.xcassets */,
				6BC0B1C728EBE7E700728523 /* wow.jpg */,
				6B55A5B428DCDB09005CFBFE /* LaunchScreen.storyboard */,
				6B55A5B728DCDB09005CFBFE /* Info.plist */,
			);
			path = "task3-4";
			sourceTree = "<group>";
		};
		6B82410B28ECAD3C0016ACA6 /* Localizeble */ = {
			isa = PBXGroup;
			children = (
				6B82410C28ECAD560016ACA6 /* Strings.swift */,
			);
			path = Localizeble;
			sourceTree = "<group>";
		};
		6B8B642C28ECA05100220169 /* DefaultsKeys */ = {
			isa = PBXGroup;
			children = (
				6B8B642D28ECA06C00220169 /* UserDefaultsKeys.swift */,
			);
			path = DefaultsKeys;
			sourceTree = "<group>";
		};
		6B8B642F28ECA64B00220169 /* UserStoryScreen */ = {
			isa = PBXGroup;
			children = (
				6B8B643028ECA66200220169 /* UserStoryViewController.swift */,
			);
			path = UserStoryScreen;
			sourceTree = "<group>";
		};
		6BC0B1CF28EC9CDD00728523 /* RegistrationScreen */ = {
			isa = PBXGroup;
			children = (
				6BC0B1CD28EC9CB500728523 /* RegistrationViewController.swift */,
			);
			path = RegistrationScreen;
			sourceTree = "<group>";
		};
		6BC0B1D028EC9CF400728523 /* SignInScreen */ = {
			isa = PBXGroup;
			children = (
				6B55A5AD28DCDB07005CFBFE /* SignInViewController.swift */,
			);
			path = SignInScreen;
			sourceTree = "<group>";
		};
/* End PBXGroup section */

/* Begin PBXNativeTarget section */
		6B55A5A528DCDB07005CFBFE /* task3-4 */ = {
			isa = PBXNativeTarget;
			buildConfigurationList = 6B55A5BA28DCDB09005CFBFE /* Build configuration list for PBXNativeTarget "task3-4" */;
			buildPhases = (
				6B55A5BD28DCDB13005CFBFE /* ShellScript */,
				6B55A5A228DCDB07005CFBFE /* Sources */,
				6B55A5A328DCDB07005CFBFE /* Frameworks */,
				6B55A5A428DCDB07005CFBFE /* Resources */,
			);
			buildRules = (
			);
			dependencies = (
			);
			name = "task3-4";
			productName = "task3-4";
			productReference = 6B55A5A628DCDB07005CFBFE /* task3-4.app */;
			productType = "com.apple.product-type.application";
		};
/* End PBXNativeTarget section */

/* Begin PBXProject section */
		6B55A59E28DCDB07005CFBFE /* Project object */ = {
			isa = PBXProject;
			attributes = {
				BuildIndependentTargetsInParallel = 1;
				LastSwiftUpdateCheck = 1330;
				LastUpgradeCheck = 1330;
				TargetAttributes = {
					6B55A5A528DCDB07005CFBFE = {
						CreatedOnToolsVersion = 13.3.1;
					};
				};
			};
			buildConfigurationList = 6B55A5A128DCDB07005CFBFE /* Build configuration list for PBXProject "task3-4" */;
			compatibilityVersion = "Xcode 13.0";
			developmentRegion = en;
			hasScannedForEncodings = 0;
			knownRegions = (
				en,
				Base,
			);
			mainGroup = 6B55A59D28DCDB07005CFBFE;
			productRefGroup = 6B55A5A728DCDB07005CFBFE /* Products */;
			projectDirPath = "";
			projectRoot = "";
			targets = (
				6B55A5A528DCDB07005CFBFE /* task3-4 */,
			);
		};
/* End PBXProject section */

/* Begin PBXResourcesBuildPhase section */
		6B55A5A428DCDB07005CFBFE /* Resources */ = {
			isa = PBXResourcesBuildPhase;
			buildActionMask = 2147483647;
			files = (
				6B55A5B628DCDB09005CFBFE /* LaunchScreen.storyboard in Resources */,
				6B55A5B328DCDB09005CFBFE /* Assets.xcassets in Resources */,
				6B55A5B128DCDB08005CFBFE /* Main.storyboard in Resources */,
				6BC0B1C828EBE7E700728523 /* wow.jpg in Resources */,
			);
			runOnlyForDeploymentPostprocessing = 0;
		};
/* End PBXResourcesBuildPhase section */

/* Begin PBXShellScriptBuildPhase section */
		6B55A5BD28DCDB13005CFBFE /* ShellScript */ = {
			isa = PBXShellScriptBuildPhase;
			buildActionMask = 2147483647;
			files = (
			);
			inputFileListPaths = (
			);
			inputPaths = (
			);
			outputFileListPaths = (
			);
			outputPaths = (
			);
			runOnlyForDeploymentPostprocessing = 0;
			shellPath = /bin/sh;
			shellScript = "export PATH=\"$PATH:/opt/homebrew/bin\"\nif which swiftlint > /dev/null; then\n  swiftlint\nelse\n  echo \"warning: SwiftLint not installed, download from https://github.com/realm/SwiftLint\"\nfi\n";
		};
/* End PBXShellScriptBuildPhase section */

/* Begin PBXSourcesBuildPhase section */
		6B55A5A228DCDB07005CFBFE /* Sources */ = {
			isa = PBXSourcesBuildPhase;
			buildActionMask = 2147483647;
			files = (
				6B55A5AE28DCDB07005CFBFE /* SignInViewController.swift in Sources */,
				6B8B643128ECA66200220169 /* UserStoryViewController.swift in Sources */,
				6B55A5AA28DCDB07005CFBFE /* AppDelegate.swift in Sources */,
				6B8B642E28ECA06C00220169 /* UserDefaultsKeys.swift in Sources */,
				6BC0B1CE28EC9CB500728523 /* RegistrationViewController.swift in Sources */,
				6B55A5AC28DCDB07005CFBFE /* SceneDelegate.swift in Sources */,
				6B82410D28ECAD560016ACA6 /* Strings.swift in Sources */,
			);
			runOnlyForDeploymentPostprocessing = 0;
		};
/* End PBXSourcesBuildPhase section */

/* Begin PBXVariantGroup section */
		6B55A5AF28DCDB08005CFBFE /* Main.storyboard */ = {
			isa = PBXVariantGroup;
			children = (
				6B55A5B028DCDB08005CFBFE /* Base */,
			);
			name = Main.storyboard;
			sourceTree = "<group>";
		};
		6B55A5B428DCDB09005CFBFE /* LaunchScreen.storyboard */ = {
			isa = PBXVariantGroup;
			children = (
				6B55A5B528DCDB09005CFBFE /* Base */,
			);
			name = LaunchScreen.storyboard;
			sourceTree = "<group>";
		};
/* End PBXVariantGroup section */

/* Begin XCBuildConfiguration section */
		6B55A5B828DCDB09005CFBFE /* Debug */ = {
			isa = XCBuildConfiguration;
			buildSettings = {
				ALWAYS_SEARCH_USER_PATHS = NO;
				CLANG_ANALYZER_NONNULL = YES;
				CLANG_ANALYZER_NUMBER_OBJECT_CONVERSION = YES_AGGRESSIVE;
				CLANG_CXX_LANGUAGE_STANDARD = "gnu++17";
				CLANG_ENABLE_MODULES = YES;
				CLANG_ENABLE_OBJC_ARC = YES;
				CLANG_ENABLE_OBJC_WEAK = YES;
				CLANG_WARN_BLOCK_CAPTURE_AUTORELEASING = YES;
				CLANG_WARN_BOOL_CONVERSION = YES;
				CLANG_WARN_COMMA = YES;
				CLANG_WARN_CONSTANT_CONVERSION = YES;
				CLANG_WARN_DEPRECATED_OBJC_IMPLEMENTATIONS = YES;
				CLANG_WARN_DIRECT_OBJC_ISA_USAGE = YES_ERROR;
				CLANG_WARN_DOCUMENTATION_COMMENTS = YES;
				CLANG_WARN_EMPTY_BODY = YES;
				CLANG_WARN_ENUM_CONVERSION = YES;
				CLANG_WARN_INFINITE_RECURSION = YES;
				CLANG_WARN_INT_CONVERSION = YES;
				CLANG_WARN_NON_LITERAL_NULL_CONVERSION = YES;
				CLANG_WARN_OBJC_IMPLICIT_RETAIN_SELF = YES;
				CLANG_WARN_OBJC_LITERAL_CONVERSION = YES;
				CLANG_WARN_OBJC_ROOT_CLASS = YES_ERROR;
				CLANG_WARN_QUOTED_INCLUDE_IN_FRAMEWORK_HEADER = YES;
				CLANG_WARN_RANGE_LOOP_ANALYSIS = YES;
				CLANG_WARN_STRICT_PROTOTYPES = YES;
				CLANG_WARN_SUSPICIOUS_MOVE = YES;
				CLANG_WARN_UNGUARDED_AVAILABILITY = YES_AGGRESSIVE;
				CLANG_WARN_UNREACHABLE_CODE = YES;
				CLANG_WARN__DUPLICATE_METHOD_MATCH = YES;
				COPY_PHASE_STRIP = NO;
				DEBUG_INFORMATION_FORMAT = dwarf;
				ENABLE_STRICT_OBJC_MSGSEND = YES;
				ENABLE_TESTABILITY = YES;
				GCC_C_LANGUAGE_STANDARD = gnu11;
				GCC_DYNAMIC_NO_PIC = NO;
				GCC_NO_COMMON_BLOCKS = YES;
				GCC_OPTIMIZATION_LEVEL = 0;
				GCC_PREPROCESSOR_DEFINITIONS = (
					"DEBUG=1",
					"$(inherited)",
				);
				GCC_WARN_64_TO_32_BIT_CONVERSION = YES;
				GCC_WARN_ABOUT_RETURN_TYPE = YES_ERROR;
				GCC_WARN_UNDECLARED_SELECTOR = YES;
				GCC_WARN_UNINITIALIZED_AUTOS = YES_AGGRESSIVE;
				GCC_WARN_UNUSED_FUNCTION = YES;
				GCC_WARN_UNUSED_VARIABLE = YES;
				IPHONEOS_DEPLOYMENT_TARGET = 15.4;
				MTL_ENABLE_DEBUG_INFO = INCLUDE_SOURCE;
				MTL_FAST_MATH = YES;
				ONLY_ACTIVE_ARCH = YES;
				SDKROOT = iphoneos;
				SWIFT_ACTIVE_COMPILATION_CONDITIONS = DEBUG;
				SWIFT_OPTIMIZATION_LEVEL = "-Onone";
			};
			name = Debug;
		};
		6B55A5B928DCDB09005CFBFE /* Release */ = {
			isa = XCBuildConfiguration;
			buildSettings = {
				ALWAYS_SEARCH_USER_PATHS = NO;
				CLANG_ANALYZER_NONNULL = YES;
				CLANG_ANALYZER_NUMBER_OBJECT_CONVERSION = YES_AGGRESSIVE;
				CLANG_CXX_LANGUAGE_STANDARD = "gnu++17";
				CLANG_ENABLE_MODULES = YES;
				CLANG_ENABLE_OBJC_ARC = YES;
				CLANG_ENABLE_OBJC_WEAK = YES;
				CLANG_WARN_BLOCK_CAPTURE_AUTORELEASING = YES;
				CLANG_WARN_BOOL_CONVERSION = YES;
				CLANG_WARN_COMMA = YES;
				CLANG_WARN_CONSTANT_CONVERSION = YES;
				CLANG_WARN_DEPRECATED_OBJC_IMPLEMENTATIONS = YES;
				CLANG_WARN_DIRECT_OBJC_ISA_USAGE = YES_ERROR;
				CLANG_WARN_DOCUMENTATION_COMMENTS = YES;
				CLANG_WARN_EMPTY_BODY = YES;
				CLANG_WARN_ENUM_CONVERSION = YES;
				CLANG_WARN_INFINITE_RECURSION = YES;
				CLANG_WARN_INT_CONVERSION = YES;
				CLANG_WARN_NON_LITERAL_NULL_CONVERSION = YES;
				CLANG_WARN_OBJC_IMPLICIT_RETAIN_SELF = YES;
				CLANG_WARN_OBJC_LITERAL_CONVERSION = YES;
				CLANG_WARN_OBJC_ROOT_CLASS = YES_ERROR;
				CLANG_WARN_QUOTED_INCLUDE_IN_FRAMEWORK_HEADER = YES;
				CLANG_WARN_RANGE_LOOP_ANALYSIS = YES;
				CLANG_WARN_STRICT_PROTOTYPES = YES;
				CLANG_WARN_SUSPICIOUS_MOVE = YES;
				CLANG_WARN_UNGUARDED_AVAILABILITY = YES_AGGRESSIVE;
				CLANG_WARN_UNREACHABLE_CODE = YES;
				CLANG_WARN__DUPLICATE_METHOD_MATCH = YES;
				COPY_PHASE_STRIP = NO;
				DEBUG_INFORMATION_FORMAT = "dwarf-with-dsym";
				ENABLE_NS_ASSERTIONS = NO;
				ENABLE_STRICT_OBJC_MSGSEND = YES;
				GCC_C_LANGUAGE_STANDARD = gnu11;
				GCC_NO_COMMON_BLOCKS = YES;
				GCC_WARN_64_TO_32_BIT_CONVERSION = YES;
				GCC_WARN_ABOUT_RETURN_TYPE = YES_ERROR;
				GCC_WARN_UNDECLARED_SELECTOR = YES;
				GCC_WARN_UNINITIALIZED_AUTOS = YES_AGGRESSIVE;
				GCC_WARN_UNUSED_FUNCTION = YES;
				GCC_WARN_UNUSED_VARIABLE = YES;
				IPHONEOS_DEPLOYMENT_TARGET = 15.4;
				MTL_ENABLE_DEBUG_INFO = NO;
				MTL_FAST_MATH = YES;
				SDKROOT = iphoneos;
				SWIFT_COMPILATION_MODE = wholemodule;
				SWIFT_OPTIMIZATION_LEVEL = "-O";
				VALIDATE_PRODUCT = YES;
			};
			name = Release;
		};
		6B55A5BB28DCDB09005CFBFE /* Debug */ = {
			isa = XCBuildConfiguration;
			buildSettings = {
				ASSETCATALOG_COMPILER_APPICON_NAME = AppIcon;
				ASSETCATALOG_COMPILER_GLOBAL_ACCENT_COLOR_NAME = AccentColor;
				CODE_SIGN_STYLE = Automatic;
				CURRENT_PROJECT_VERSION = 1;
				GENERATE_INFOPLIST_FILE = YES;
				INFOPLIST_FILE = "task3-4/Info.plist";
				INFOPLIST_KEY_UIApplicationSupportsIndirectInputEvents = YES;
				INFOPLIST_KEY_UILaunchStoryboardName = LaunchScreen;
				INFOPLIST_KEY_UIMainStoryboardFile = Main;
				INFOPLIST_KEY_UISupportedInterfaceOrientations_iPad = "UIInterfaceOrientationPortrait UIInterfaceOrientationPortraitUpsideDown UIInterfaceOrientationLandscapeLeft UIInterfaceOrientationLandscapeRight";
				INFOPLIST_KEY_UISupportedInterfaceOrientations_iPhone = "UIInterfaceOrientationPortrait UIInterfaceOrientationLandscapeLeft UIInterfaceOrientationLandscapeRight";
				LD_RUNPATH_SEARCH_PATHS = (
					"$(inherited)",
					"@executable_path/Frameworks",
				);
				MARKETING_VERSION = 1.0;
				PRODUCT_BUNDLE_IDENTIFIER = "someacc.task3-4";
				PRODUCT_NAME = "$(TARGET_NAME)";
				SWIFT_EMIT_LOC_STRINGS = YES;
				SWIFT_VERSION = 5.0;
				TARGETED_DEVICE_FAMILY = "1,2";
			};
			name = Debug;
		};
		6B55A5BC28DCDB09005CFBFE /* Release */ = {
			isa = XCBuildConfiguration;
			buildSettings = {
				ASSETCATALOG_COMPILER_APPICON_NAME = AppIcon;
				ASSETCATALOG_COMPILER_GLOBAL_ACCENT_COLOR_NAME = AccentColor;
				CODE_SIGN_STYLE = Automatic;
				CURRENT_PROJECT_VERSION = 1;
				GENERATE_INFOPLIST_FILE = YES;
				INFOPLIST_FILE = "task3-4/Info.plist";
				INFOPLIST_KEY_UIApplicationSupportsIndirectInputEvents = YES;
				INFOPLIST_KEY_UILaunchStoryboardName = LaunchScreen;
				INFOPLIST_KEY_UIMainStoryboardFile = Main;
				INFOPLIST_KEY_UISupportedInterfaceOrientations_iPad = "UIInterfaceOrientationPortrait UIInterfaceOrientationPortraitUpsideDown UIInterfaceOrientationLandscapeLeft UIInterfaceOrientationLandscapeRight";
				INFOPLIST_KEY_UISupportedInterfaceOrientations_iPhone = "UIInterfaceOrientationPortrait UIInterfaceOrientationLandscapeLeft UIInterfaceOrientationLandscapeRight";
				LD_RUNPATH_SEARCH_PATHS = (
					"$(inherited)",
					"@executable_path/Frameworks",
				);
				MARKETING_VERSION = 1.0;
				PRODUCT_BUNDLE_IDENTIFIER = "someacc.task3-4";
				PRODUCT_NAME = "$(TARGET_NAME)";
				SWIFT_EMIT_LOC_STRINGS = YES;
				SWIFT_VERSION = 5.0;
				TARGETED_DEVICE_FAMILY = "1,2";
			};
			name = Release;
		};
/* End XCBuildConfiguration section */

/* Begin XCConfigurationList section */
		6B55A5A128DCDB07005CFBFE /* Build configuration list for PBXProject "task3-4" */ = {
			isa = XCConfigurationList;
			buildConfigurations = (
				6B55A5B828DCDB09005CFBFE /* Debug */,
				6B55A5B928DCDB09005CFBFE /* Release */,
			);
			defaultConfigurationIsVisible = 0;
			defaultConfigurationName = Release;
		};
		6B55A5BA28DCDB09005CFBFE /* Build configuration list for PBXNativeTarget "task3-4" */ = {
			isa = XCConfigurationList;
			buildConfigurations = (
				6B55A5BB28DCDB09005CFBFE /* Debug */,
				6B55A5BC28DCDB09005CFBFE /* Release */,
			);
			defaultConfigurationIsVisible = 0;
			defaultConfigurationName = Release;
		};
/* End XCConfigurationList section */
	};
	rootObject = 6B55A59E28DCDB07005CFBFE /* Project object */;
}
